
Microsoft Visual Studio Solution File, Format Version 12.00
# Visual Studio 15
VisualStudioVersion = 15.0.27428.2043
MinimumVisualStudioVersion = 10.0.40219.1
Project("{888888A0-9F3D-457C-B088-3A5042F75D52}") = "AmzTranscribe2SRT", "AmzTranscribe2SRT\AmzTranscribe2SRT.pyproj", "{7B7C3202-00B4-408C-A7A6-FA8C19955DEE}"
EndProject
Global
	GlobalSection(SolutionConfigurationPlatforms) = preSolution
		Debug|Any CPU = Debug|Any CPU
		Release|Any CPU = Release|Any CPU
	EndGlobalSection
	GlobalSection(ProjectConfigurationPlatforms) = postSolution
		{7B7C3202-00B4-408C-A7A6-FA8C19955DEE}.Debug|Any CPU.ActiveCfg = Debug|Any CPU
		{7B7C3202-00B4-408C-A7A6-FA8C19955DEE}.Release|Any CPU.ActiveCfg = Release|Any CPU
	EndGlobalSection
	GlobalSection(SolutionProperties) = preSolution
		HideSolutionNode = FALSE
	EndGlobalSection
	GlobalSection(ExtensibilityGlobals) = postSolution
		SolutionGuid = {DF796201-F92F-429C-B309-5B34BD35B48A}
	EndGlobalSection
EndGlobal
